// !$*UTF8*$!
{
	archiveVersion = 1;
	classes = {
	};
	objectVersion = 50;
	objects = {

/* Begin PBXBuildFile section */
		636010C825F73A6700912CD5 /* AppDelegate.swift in Sources */ = {isa = PBXBuildFile; fileRef = 636010C725F73A6700912CD5 /* AppDelegate.swift */; };
		636010CA25F73A6700912CD5 /* SceneDelegate.swift in Sources */ = {isa = PBXBuildFile; fileRef = 636010C925F73A6700912CD5 /* SceneDelegate.swift */; };
		636010CC25F73A6700912CD5 /* ViewController.swift in Sources */ = {isa = PBXBuildFile; fileRef = 636010CB25F73A6700912CD5 /* ViewController.swift */; };
		636010CF25F73A6700912CD5 /* Main.storyboard in Resources */ = {isa = PBXBuildFile; fileRef = 636010CD25F73A6700912CD5 /* Main.storyboard */; };
		636010D125F73A6F00912CD5 /* Assets.xcassets in Resources */ = {isa = PBXBuildFile; fileRef = 636010D025F73A6F00912CD5 /* Assets.xcassets */; };
		636010D425F73A6F00912CD5 /* LaunchScreen.storyboard in Resources */ = {isa = PBXBuildFile; fileRef = 636010D225F73A6F00912CD5 /* LaunchScreen.storyboard */; };
		636010DF25F73A7000912CD5 /* GoodNewsTests.swift in Sources */ = {isa = PBXBuildFile; fileRef = 636010DE25F73A7000912CD5 /* GoodNewsTests.swift */; };
		636010EA25F73A7000912CD5 /* GoodNewsUITests.swift in Sources */ = {isa = PBXBuildFile; fileRef = 636010E925F73A7000912CD5 /* GoodNewsUITests.swift */; };
/* End PBXBuildFile section */

/* Begin PBXContainerItemProxy section */
		636010DB25F73A7000912CD5 /* PBXContainerItemProxy */ = {
			isa = PBXContainerItemProxy;
			containerPortal = 636010BC25F73A6600912CD5 /* Project object */;
			proxyType = 1;
			remoteGlobalIDString = 636010C325F73A6600912CD5;
			remoteInfo = GoodNews;
		};
		636010E625F73A7000912CD5 /* PBXContainerItemProxy */ = {
			isa = PBXContainerItemProxy;
			containerPortal = 636010BC25F73A6600912CD5 /* Project object */;
			proxyType = 1;
			remoteGlobalIDString = 636010C325F73A6600912CD5;
			remoteInfo = GoodNews;
		};
/* End PBXContainerItemProxy section */

/* Begin PBXFileReference section */
		636010C425F73A6700912CD5 /* GoodNews.app */ = {isa = PBXFileReference; explicitFileType = wrapper.application; includeInIndex = 0; path = GoodNews.app; sourceTree = BUILT_PRODUCTS_DIR; };
		636010C725F73A6700912CD5 /* AppDelegate.swift */ = {isa = PBXFileReference; lastKnownFileType = sourcecode.swift; path = AppDelegate.swift; sourceTree = "<group>"; };
		636010C925F73A6700912CD5 /* SceneDelegate.swift */ = {isa = PBXFileReference; lastKnownFileType = sourcecode.swift; path = SceneDelegate.swift; sourceTree = "<group>"; };
		636010CB25F73A6700912CD5 /* ViewController.swift */ = {isa = PBXFileReference; lastKnownFileType = sourcecode.swift; path = ViewController.swift; sourceTree = "<group>"; };
		636010CE25F73A6700912CD5 /* Base */ = {isa = PBXFileReference; lastKnownFileType = file.storyboard; name = Base; path = Base.lproj/Main.storyboard; sourceTree = "<group>"; };
		636010D025F73A6F00912CD5 /* Assets.xcassets */ = {isa = PBXFileReference; lastKnownFileType = folder.assetcatalog; path = Assets.xcassets; sourceTree = "<group>"; };
		636010D325F73A6F00912CD5 /* Base */ = {isa = PBXFileReference; lastKnownFileType = file.storyboard; name = Base; path = Base.lproj/LaunchScreen.storyboard; sourceTree = "<group>"; };
		636010D525F73A6F00912CD5 /* Info.plist */ = {isa = PBXFileReference; lastKnownFileType = text.plist.xml; path = Info.plist; sourceTree = "<group>"; };
		636010DA25F73A7000912CD5 /* GoodNewsTests.xctest */ = {isa = PBXFileReference; explicitFileType = wrapper.cfbundle; includeInIndex = 0; path = GoodNewsTests.xctest; sourceTree = BUILT_PRODUCTS_DIR; };
		636010DE25F73A7000912CD5 /* GoodNewsTests.swift */ = {isa = PBXFileReference; lastKnownFileType = sourcecode.swift; path = GoodNewsTests.swift; sourceTree = "<group>"; };
		636010E025F73A7000912CD5 /* Info.plist */ = {isa = PBXFileReference; lastKnownFileType = text.plist.xml; path = Info.plist; sourceTree = "<group>"; };
		636010E525F73A7000912CD5 /* GoodNewsUITests.xctest */ = {isa = PBXFileReference; explicitFileType = wrapper.cfbundle; includeInIndex = 0; path = GoodNewsUITests.xctest; sourceTree = BUILT_PRODUCTS_DIR; };
		636010E925F73A7000912CD5 /* GoodNewsUITests.swift */ = {isa = PBXFileReference; lastKnownFileType = sourcecode.swift; path = GoodNewsUITests.swift; sourceTree = "<group>"; };
		636010EB25F73A7000912CD5 /* Info.plist */ = {isa = PBXFileReference; lastKnownFileType = text.plist.xml; path = Info.plist; sourceTree = "<group>"; };
/* End PBXFileReference section */

/* Begin PBXFrameworksBuildPhase section */
		636010C125F73A6600912CD5 /* Frameworks */ = {
			isa = PBXFrameworksBuildPhase;
			buildActionMask = 2147483647;
			files = (
			);
			runOnlyForDeploymentPostprocessing = 0;
		};
		636010D725F73A7000912CD5 /* Frameworks */ = {
			isa = PBXFrameworksBuildPhase;
			buildActionMask = 2147483647;
			files = (
			);
			runOnlyForDeploymentPostprocessing = 0;
		};
		636010E225F73A7000912CD5 /* Frameworks */ = {
			isa = PBXFrameworksBuildPhase;
			buildActionMask = 2147483647;
			files = (
			);
			runOnlyForDeploymentPostprocessing = 0;
		};
/* End PBXFrameworksBuildPhase section */

/* Begin PBXGroup section */
		636010BB25F73A6600912CD5 = {
			isa = PBXGroup;
			children = (
				636010C625F73A6700912CD5 /* GoodNews */,
				636010DD25F73A7000912CD5 /* GoodNewsTests */,
				636010E825F73A7000912CD5 /* GoodNewsUITests */,
				636010C525F73A6700912CD5 /* Products */,
			);
			sourceTree = "<group>";
		};
		636010C525F73A6700912CD5 /* Products */ = {
			isa = PBXGroup;
			children = (
				636010C425F73A6700912CD5 /* GoodNews.app */,
				636010DA25F73A7000912CD5 /* GoodNewsTests.xctest */,
				636010E525F73A7000912CD5 /* GoodNewsUITests.xctest */,
			);
			name = Products;
			sourceTree = "<group>";
		};
		636010C625F73A6700912CD5 /* GoodNews */ = {
			isa = PBXGroup;
			children = (
				636010C725F73A6700912CD5 /* AppDelegate.swift */,
				636010C925F73A6700912CD5 /* SceneDelegate.swift */,
				636010CB25F73A6700912CD5 /* ViewController.swift */,
				636010CD25F73A6700912CD5 /* Main.storyboard */,
				636010D025F73A6F00912CD5 /* Assets.xcassets */,
				636010D225F73A6F00912CD5 /* LaunchScreen.storyboard */,
				636010D525F73A6F00912CD5 /* Info.plist */,
			);
			path = GoodNews;
			sourceTree = "<group>";
		};
		636010DD25F73A7000912CD5 /* GoodNewsTests */ = {
			isa = PBXGroup;
			children = (
				636010DE25F73A7000912CD5 /* GoodNewsTests.swift */,
				636010E025F73A7000912CD5 /* Info.plist */,
			);
			path = GoodNewsTests;
			sourceTree = "<group>";
		};
		636010E825F73A7000912CD5 /* GoodNewsUITests */ = {
			isa = PBXGroup;
			children = (
				636010E925F73A7000912CD5 /* GoodNewsUITests.swift */,
				636010EB25F73A7000912CD5 /* Info.plist */,
			);
			path = GoodNewsUITests;
			sourceTree = "<group>";
		};
/* End PBXGroup section */

/* Begin PBXNativeTarget section */
		636010C325F73A6600912CD5 /* GoodNews */ = {
			isa = PBXNativeTarget;
			buildConfigurationList = 636010EE25F73A7000912CD5 /* Build configuration list for PBXNativeTarget "GoodNews" */;
			buildPhases = (
				636010C025F73A6600912CD5 /* Sources */,
				636010C125F73A6600912CD5 /* Frameworks */,
				636010C225F73A6600912CD5 /* Resources */,
			);
			buildRules = (
			);
			dependencies = (
			);
			name = GoodNews;
			productName = GoodNews;
			productReference = 636010C425F73A6700912CD5 /* GoodNews.app */;
			productType = "com.apple.product-type.application";
		};
		636010D925F73A7000912CD5 /* GoodNewsTests */ = {
			isa = PBXNativeTarget;
			buildConfigurationList = 636010F125F73A7000912CD5 /* Build configuration list for PBXNativeTarget "GoodNewsTests" */;
			buildPhases = (
				636010D625F73A7000912CD5 /* Sources */,
				636010D725F73A7000912CD5 /* Frameworks */,
				636010D825F73A7000912CD5 /* Resources */,
			);
			buildRules = (
			);
			dependencies = (
				636010DC25F73A7000912CD5 /* PBXTargetDependency */,
			);
			name = GoodNewsTests;
			productName = GoodNewsTests;
			productReference = 636010DA25F73A7000912CD5 /* GoodNewsTests.xctest */;
			productType = "com.apple.product-type.bundle.unit-test";
		};
		636010E425F73A7000912CD5 /* GoodNewsUITests */ = {
			isa = PBXNativeTarget;
			buildConfigurationList = 636010F425F73A7000912CD5 /* Build configuration list for PBXNativeTarget "GoodNewsUITests" */;
			buildPhases = (
				636010E125F73A7000912CD5 /* Sources */,
				636010E225F73A7000912CD5 /* Frameworks */,
				636010E325F73A7000912CD5 /* Resources */,
			);
			buildRules = (
			);
			dependencies = (
				636010E725F73A7000912CD5 /* PBXTargetDependency */,
			);
			name = GoodNewsUITests;
			productName = GoodNewsUITests;
			productReference = 636010E525F73A7000912CD5 /* GoodNewsUITests.xctest */;
			productType = "com.apple.product-type.bundle.ui-testing";
		};
/* End PBXNativeTarget section */

/* Begin PBXProject section */
		636010BC25F73A6600912CD5 /* Project object */ = {
			isa = PBXProject;
			attributes = {
				LastSwiftUpdateCheck = 1200;
				LastUpgradeCheck = 1200;
				TargetAttributes = {
					636010C325F73A6600912CD5 = {
						CreatedOnToolsVersion = 12.0;
					};
					636010D925F73A7000912CD5 = {
						CreatedOnToolsVersion = 12.0;
						TestTargetID = 636010C325F73A6600912CD5;
					};
					636010E425F73A7000912CD5 = {
						CreatedOnToolsVersion = 12.0;
						TestTargetID = 636010C325F73A6600912CD5;
					};
				};
			};
			buildConfigurationList = 636010BF25F73A6600912CD5 /* Build configuration list for PBXProject "GoodNews" */;
			compatibilityVersion = "Xcode 9.3";
			developmentRegion = en;
			hasScannedForEncodings = 0;
			knownRegions = (
				en,
				Base,
			);
			mainGroup = 636010BB25F73A6600912CD5;
			productRefGroup = 636010C525F73A6700912CD5 /* Products */;
			projectDirPath = "";
			projectRoot = "";
			targets = (
				636010C325F73A6600912CD5 /* GoodNews */,
				636010D925F73A7000912CD5 /* GoodNewsTests */,
				636010E425F73A7000912CD5 /* GoodNewsUITests */,
			);
		};
/* End PBXProject section */

/* Begin PBXResourcesBuildPhase section */
		636010C225F73A6600912CD5 /* Resources */ = {
			isa = PBXResourcesBuildPhase;
			buildActionMask = 2147483647;
			files = (
				636010D425F73A6F00912CD5 /* LaunchScreen.storyboard in Resources */,
				636010D125F73A6F00912CD5 /* Assets.xcassets in Resources */,
				636010CF25F73A6700912CD5 /* Main.storyboard in Resources */,
			);
			runOnlyForDeploymentPostprocessing = 0;
		};
		636010D825F73A7000912CD5 /* Resources */ = {
			isa = PBXResourcesBuildPhase;
			buildActionMask = 2147483647;
			files = (
			);
			runOnlyForDeploymentPostprocessing = 0;
		};
		636010E325F73A7000912CD5 /* Resources */ = {
			isa = PBXResourcesBuildPhase;
			buildActionMask = 2147483647;
			files = (
			);
			runOnlyForDeploymentPostprocessing = 0;
		};
/* End PBXResourcesBuildPhase section */

/* Begin PBXSourcesBuildPhase section */
		636010C025F73A6600912CD5 /* Sources */ = {
			isa = PBXSourcesBuildPhase;
			buildActionMask = 2147483647;
			files = (
				636010CC25F73A6700912CD5 /* ViewController.swift in Sources */,
				636010C825F73A6700912CD5 /* AppDelegate.swift in Sources */,
				636010CA25F73A6700912CD5 /* SceneDelegate.swift in Sources */,
			);
			runOnlyForDeploymentPostprocessing = 0;
		};
		636010D625F73A7000912CD5 /* Sources */ = {
			isa = PBXSourcesBuildPhase;
			buildActionMask = 2147483647;
			files = (
				636010DF25F73A7000912CD5 /* GoodNewsTests.swift in Sources */,
			);
			runOnlyForDeploymentPostprocessing = 0;
		};
		636010E125F73A7000912CD5 /* Sources */ = {
			isa = PBXSourcesBuildPhase;
			buildActionMask = 2147483647;
			files = (
				636010EA25F73A7000912CD5 /* GoodNewsUITests.swift in Sources */,
			);
			runOnlyForDeploymentPostprocessing = 0;
		};
/* End PBXSourcesBuildPhase section */

/* Begin PBXTargetDependency section */
		636010DC25F73A7000912CD5 /* PBXTargetDependency */ = {
			isa = PBXTargetDependency;
			target = 636010C325F73A6600912CD5 /* GoodNews */;
			targetProxy = 636010DB25F73A7000912CD5 /* PBXContainerItemProxy */;
		};
		636010E725F73A7000912CD5 /* PBXTargetDependency */ = {
			isa = PBXTargetDependency;
			target = 636010C325F73A6600912CD5 /* GoodNews */;
			targetProxy = 636010E625F73A7000912CD5 /* PBXContainerItemProxy */;
		};
/* End PBXTargetDependency section */

/* Begin PBXVariantGroup section */
		636010CD25F73A6700912CD5 /* Main.storyboard */ = {
			isa = PBXVariantGroup;
			children = (
				636010CE25F73A6700912CD5 /* Base */,
			);
			name = Main.storyboard;
			sourceTree = "<group>";
		};
		636010D225F73A6F00912CD5 /* LaunchScreen.storyboard */ = {
			isa = PBXVariantGroup;
			children = (
				636010D325F73A6F00912CD5 /* Base */,
			);
			name = LaunchScreen.storyboard;
			sourceTree = "<group>";
		};
/* End PBXVariantGroup section */

/* Begin XCBuildConfiguration section */
		636010EC25F73A7000912CD5 /* Debug */ = {
			isa = XCBuildConfiguration;
			buildSettings = {
				ALWAYS_SEARCH_USER_PATHS = NO;
				CLANG_ANALYZER_NONNULL = YES;
				CLANG_ANALYZER_NUMBER_OBJECT_CONVERSION = YES_AGGRESSIVE;
				CLANG_CXX_LANGUAGE_STANDARD = "gnu++14";
				CLANG_CXX_LIBRARY = "libc++";
				CLANG_ENABLE_MODULES = YES;
				CLANG_ENABLE_OBJC_ARC = YES;
				CLANG_ENABLE_OBJC_WEAK = YES;
				CLANG_WARN_BLOCK_CAPTURE_AUTORELEASING = YES;
				CLANG_WARN_BOOL_CONVERSION = YES;
				CLANG_WARN_COMMA = YES;
				CLANG_WARN_CONSTANT_CONVERSION = YES;
				CLANG_WARN_DEPRECATED_OBJC_IMPLEMENTATIONS = YES;
				CLANG_WARN_DIRECT_OBJC_ISA_USAGE = YES_ERROR;
				CLANG_WARN_DOCUMENTATION_COMMENTS = YES;
				CLANG_WARN_EMPTY_BODY = YES;
				CLANG_WARN_ENUM_CONVERSION = YES;
				CLANG_WARN_INFINITE_RECURSION = YES;
				CLANG_WARN_INT_CONVERSION = YES;
				CLANG_WARN_NON_LITERAL_NULL_CONVERSION = YES;
				CLANG_WARN_OBJC_IMPLICIT_RETAIN_SELF = YES;
				CLANG_WARN_OBJC_LITERAL_CONVERSION = YES;
				CLANG_WARN_OBJC_ROOT_CLASS = YES_ERROR;
				CLANG_WARN_QUOTED_INCLUDE_IN_FRAMEWORK_HEADER = YES;
				CLANG_WARN_RANGE_LOOP_ANALYSIS = YES;
				CLANG_WARN_STRICT_PROTOTYPES = YES;
				CLANG_WARN_SUSPICIOUS_MOVE = YES;
				CLANG_WARN_UNGUARDED_AVAILABILITY = YES_AGGRESSIVE;
				CLANG_WARN_UNREACHABLE_CODE = YES;
				CLANG_WARN__DUPLICATE_METHOD_MATCH = YES;
				COPY_PHASE_STRIP = NO;
				DEBUG_INFORMATION_FORMAT = dwarf;
				ENABLE_STRICT_OBJC_MSGSEND = YES;
				ENABLE_TESTABILITY = YES;
				GCC_C_LANGUAGE_STANDARD = gnu11;
				GCC_DYNAMIC_NO_PIC = NO;
				GCC_NO_COMMON_BLOCKS = YES;
				GCC_OPTIMIZATION_LEVEL = 0;
				GCC_PREPROCESSOR_DEFINITIONS = (
					"DEBUG=1",
					"$(inherited)",
				);
				GCC_WARN_64_TO_32_BIT_CONVERSION = YES;
				GCC_WARN_ABOUT_RETURN_TYPE = YES_ERROR;
				GCC_WARN_UNDECLARED_SELECTOR = YES;
				GCC_WARN_UNINITIALIZED_AUTOS = YES_AGGRESSIVE;
				GCC_WARN_UNUSED_FUNCTION = YES;
				GCC_WARN_UNUSED_VARIABLE = YES;
				IPHONEOS_DEPLOYMENT_TARGET = 14.0;
				MTL_ENABLE_DEBUG_INFO = INCLUDE_SOURCE;
				MTL_FAST_MATH = YES;
				ONLY_ACTIVE_ARCH = YES;
				SDKROOT = iphoneos;
				SWIFT_ACTIVE_COMPILATION_CONDITIONS = DEBUG;
				SWIFT_OPTIMIZATION_LEVEL = "-Onone";
			};
			name = Debug;
		};
		636010ED25F73A7000912CD5 /* Release */ = {
			isa = XCBuildConfiguration;
			buildSettings = {
				ALWAYS_SEARCH_USER_PATHS = NO;
				CLANG_ANALYZER_NONNULL = YES;
				CLANG_ANALYZER_NUMBER_OBJECT_CONVERSION = YES_AGGRESSIVE;
				CLANG_CXX_LANGUAGE_STANDARD = "gnu++14";
				CLANG_CXX_LIBRARY = "libc++";
				CLANG_ENABLE_MODULES = YES;
				CLANG_ENABLE_OBJC_ARC = YES;
				CLANG_ENABLE_OBJC_WEAK = YES;
				CLANG_WARN_BLOCK_CAPTURE_AUTORELEASING = YES;
				CLANG_WARN_BOOL_CONVERSION = YES;
				CLANG_WARN_COMMA = YES;
				CLANG_WARN_CONSTANT_CONVERSION = YES;
				CLANG_WARN_DEPRECATED_OBJC_IMPLEMENTATIONS = YES;
				CLANG_WARN_DIRECT_OBJC_ISA_USAGE = YES_ERROR;
				CLANG_WARN_DOCUMENTATION_COMMENTS = YES;
				CLANG_WARN_EMPTY_BODY = YES;
				CLANG_WARN_ENUM_CONVERSION = YES;
				CLANG_WARN_INFINITE_RECURSION = YES;
				CLANG_WARN_INT_CONVERSION = YES;
				CLANG_WARN_NON_LITERAL_NULL_CONVERSION = YES;
				CLANG_WARN_OBJC_IMPLICIT_RETAIN_SELF = YES;
				CLANG_WARN_OBJC_LITERAL_CONVERSION = YES;
				CLANG_WARN_OBJC_ROOT_CLASS = YES_ERROR;
				CLANG_WARN_QUOTED_INCLUDE_IN_FRAMEWORK_HEADER = YES;
				CLANG_WARN_RANGE_LOOP_ANALYSIS = YES;
				CLANG_WARN_STRICT_PROTOTYPES = YES;
				CLANG_WARN_SUSPICIOUS_MOVE = YES;
				CLANG_WARN_UNGUARDED_AVAILABILITY = YES_AGGRESSIVE;
				CLANG_WARN_UNREACHABLE_CODE = YES;
				CLANG_WARN__DUPLICATE_METHOD_MATCH = YES;
				COPY_PHASE_STRIP = NO;
				DEBUG_INFORMATION_FORMAT = "dwarf-with-dsym";
				ENABLE_NS_ASSERTIONS = NO;
				ENABLE_STRICT_OBJC_MSGSEND = YES;
				GCC_C_LANGUAGE_STANDARD = gnu11;
				GCC_NO_COMMON_BLOCKS = YES;
				GCC_WARN_64_TO_32_BIT_CONVERSION = YES;
				GCC_WARN_ABOUT_RETURN_TYPE = YES_ERROR;
				GCC_WARN_UNDECLARED_SELECTOR = YES;
				GCC_WARN_UNINITIALIZED_AUTOS = YES_AGGRESSIVE;
				GCC_WARN_UNUSED_FUNCTION = YES;
				GCC_WARN_UNUSED_VARIABLE = YES;
				IPHONEOS_DEPLOYMENT_TARGET = 14.0;
				MTL_ENABLE_DEBUG_INFO = NO;
				MTL_FAST_MATH = YES;
				SDKROOT = iphoneos;
				SWIFT_COMPILATION_MODE = wholemodule;
				SWIFT_OPTIMIZATION_LEVEL = "-O";
				VALIDATE_PRODUCT = YES;
			};
			name = Release;
		};
		636010EF25F73A7000912CD5 /* Debug */ = {
			isa = XCBuildConfiguration;
			buildSettings = {
				ASSETCATALOG_COMPILER_APPICON_NAME = AppIcon;
				ASSETCATALOG_COMPILER_GLOBAL_ACCENT_COLOR_NAME = AccentColor;
				CODE_SIGN_STYLE = Automatic;
				DEVELOPMENT_TEAM = L3K3NG5H7D;
				INFOPLIST_FILE = GoodNews/Info.plist;
				LD_RUNPATH_SEARCH_PATHS = (
					"$(inherited)",
					"@executable_path/Frameworks",
				);
				PRODUCT_BUNDLE_IDENTIFIER = com.lovely.GoodNews;
				PRODUCT_NAME = "$(TARGET_NAME)";
				SWIFT_VERSION = 5.0;
				TARGETED_DEVICE_FAMILY = "1,2";
			};
			name = Debug;
		};
		636010F025F73A7000912CD5 /* Release */ = {
			isa = XCBuildConfiguration;
			buildSettings = {
				ASSETCATALOG_COMPILER_APPICON_NAME = AppIcon;
				ASSETCATALOG_COMPILER_GLOBAL_ACCENT_COLOR_NAME = AccentColor;
				CODE_SIGN_STYLE = Automatic;
				DEVELOPMENT_TEAM = L3K3NG5H7D;
				INFOPLIST_FILE = GoodNews/Info.plist;
				LD_RUNPATH_SEARCH_PATHS = (
					"$(inherited)",
					"@executable_path/Frameworks",
				);
				PRODUCT_BUNDLE_IDENTIFIER = com.lovely.GoodNews;
				PRODUCT_NAME = "$(TARGET_NAME)";
				SWIFT_VERSION = 5.0;
				TARGETED_DEVICE_FAMILY = "1,2";
			};
			name = Release;
		};
		636010F225F73A7000912CD5 /* Debug */ = {
			isa = XCBuildConfiguration;
			buildSettings = {
				ALWAYS_EMBED_SWIFT_STANDARD_LIBRARIES = YES;
				BUNDLE_LOADER = "$(TEST_HOST)";
				CODE_SIGN_STYLE = Automatic;
				DEVELOPMENT_TEAM = L3K3NG5H7D;
				INFOPLIST_FILE = GoodNewsTests/Info.plist;
				IPHONEOS_DEPLOYMENT_TARGET = 14.0;
				LD_RUNPATH_SEARCH_PATHS = (
					"$(inherited)",
					"@executable_path/Frameworks",
					"@loader_path/Frameworks",
				);
				PRODUCT_BUNDLE_IDENTIFIER = com.lovely.GoodNewsTests;
				PRODUCT_NAME = "$(TARGET_NAME)";
				SWIFT_VERSION = 5.0;
				TARGETED_DEVICE_FAMILY = "1,2";
				TEST_HOST = "$(BUILT_PRODUCTS_DIR)/GoodNews.app/GoodNews";
			};
			name = Debug;
		};
		636010F325F73A7000912CD5 /* Release */ = {
			isa = XCBuildConfiguration;
			buildSettings = {
				ALWAYS_EMBED_SWIFT_STANDARD_LIBRARIES = YES;
				BUNDLE_LOADER = "$(TEST_HOST)";
				CODE_SIGN_STYLE = Automatic;
				DEVELOPMENT_TEAM = L3K3NG5H7D;
				INFOPLIST_FILE = GoodNewsTests/Info.plist;
				IPHONEOS_DEPLOYMENT_TARGET = 14.0;
				LD_RUNPATH_SEARCH_PATHS = (
					"$(inherited)",
					"@executable_path/Frameworks",
					"@loader_path/Frameworks",
				);
				PRODUCT_BUNDLE_IDENTIFIER = com.lovely.GoodNewsTests;
				PRODUCT_NAME = "$(TARGET_NAME)";
				SWIFT_VERSION = 5.0;
				TARGETED_DEVICE_FAMILY = "1,2";
				TEST_HOST = "$(BUILT_PRODUCTS_DIR)/GoodNews.app/GoodNews";
			};
			name = Release;
		};
		636010F525F73A7000912CD5 /* Debug */ = {
			isa = XCBuildConfiguration;
			buildSettings = {
				ALWAYS_EMBED_SWIFT_STANDARD_LIBRARIES = YES;
				CODE_SIGN_STYLE = Automatic;
				DEVELOPMENT_TEAM = L3K3NG5H7D;
				INFOPLIST_FILE = GoodNewsUITests/Info.plist;
				LD_RUNPATH_SEARCH_PATHS = (
					"$(inherited)",
					"@executable_path/Frameworks",
					"@loader_path/Frameworks",
				);
				PRODUCT_BUNDLE_IDENTIFIER = com.lovely.GoodNewsUITests;
				PRODUCT_NAME = "$(TARGET_NAME)";
				SWIFT_VERSION = 5.0;
				TARGETED_DEVICE_FAMILY = "1,2";
				TEST_TARGET_NAME = GoodNews;
			};
			name = Debug;
		};
		636010F625F73A7000912CD5 /* Release */ = {
			isa = XCBuildConfiguration;
			buildSettings = {
				ALWAYS_EMBED_SWIFT_STANDARD_LIBRARIES = YES;
				CODE_SIGN_STYLE = Automatic;
				DEVELOPMENT_TEAM = L3K3NG5H7D;
				INFOPLIST_FILE = GoodNewsUITests/Info.plist;
				LD_RUNPATH_SEARCH_PATHS = (
					"$(inherited)",
					"@executable_path/Frameworks",
					"@loader_path/Frameworks",
				);
				PRODUCT_BUNDLE_IDENTIFIER = com.lovely.GoodNewsUITests;
				PRODUCT_NAME = "$(TARGET_NAME)";
				SWIFT_VERSION = 5.0;
				TARGETED_DEVICE_FAMILY = "1,2";
				TEST_TARGET_NAME = GoodNews;
			};
			name = Release;
		};
/* End XCBuildConfiguration section */

/* Begin XCConfigurationList section */
		636010BF25F73A6600912CD5 /* Build configuration list for PBXProject "GoodNews" */ = {
			isa = XCConfigurationList;
			buildConfigurations = (
				636010EC25F73A7000912CD5 /* Debug */,
				636010ED25F73A7000912CD5 /* Release */,
			);
			defaultConfigurationIsVisible = 0;
			defaultConfigurationName = Release;
		};
		636010EE25F73A7000912CD5 /* Build configuration list for PBXNativeTarget "GoodNews" */ = {
			isa = XCConfigurationList;
			buildConfigurations = (
				636010EF25F73A7000912CD5 /* Debug */,
				636010F025F73A7000912CD5 /* Release */,
			);
			defaultConfigurationIsVisible = 0;
			defaultConfigurationName = Release;
		};
		636010F125F73A7000912CD5 /* Build configuration list for PBXNativeTarget "GoodNewsTests" */ = {
			isa = XCConfigurationList;
			buildConfigurations = (
				636010F225F73A7000912CD5 /* Debug */,
				636010F325F73A7000912CD5 /* Release */,
			);
			defaultConfigurationIsVisible = 0;
			defaultConfigurationName = Release;
		};
		636010F425F73A7000912CD5 /* Build configuration list for PBXNativeTarget "GoodNewsUITests" */ = {
			isa = XCConfigurationList;
			buildConfigurations = (
				636010F525F73A7000912CD5 /* Debug */,
				636010F625F73A7000912CD5 /* Release */,
			);
			defaultConfigurationIsVisible = 0;
			defaultConfigurationName = Release;
		};
/* End XCConfigurationList section */
	};
	rootObject = 636010BC25F73A6600912CD5 /* Project object */;
}
